
Microsoft Visual Studio Solution File, Format Version 12.00
# Visual Studio 2012
Project("{FAE04EC0-301F-11D3-BF4B-00C04F79EFBC}") = "Common.DAL", "Common.DAL\Common.DAL.csproj", "{D5825438-F8E8-4006-9DCD-BDDDF28630AD}"
EndProject
Project("{FAE04EC0-301F-11D3-BF4B-00C04F79EFBC}") = "BSBTAC.LoadSearch", "BSBTAC.LoadSearch\BSBTAC.LoadSearch.csproj", "{CC1DA518-0D90-4796-82D9-1B8F3FEB135F}"
EndProject
Project("{FAE04EC0-301F-11D3-BF4B-00C04F79EFBC}") = "BSBTAC.WebUI", "BSBTAC.WebUI\BSBTAC.WebUI.csproj", "{3A3C97F5-1955-4D1D-AC7F-260826D6F9E0}"
EndProject
Project("{FAE04EC0-301F-11D3-BF4B-00C04F79EFBC}") = "BSBTAC.CreateSearch", "BSBTAC.CreateSearch\BSBTAC.CreateSearch.csproj", "{2756FBB1-E80C-4BE0-8457-E0A7E701A755}"
EndProject
Project("{FAE04EC0-301F-11D3-BF4B-00C04F79EFBC}") = "BSBTAC.Domain", "BSBTAC.Domain\BSBTAC.Domain.csproj", "{AD141A0E-CBB7-4B65-B8A1-E31E85759C9C}"
EndProject
Project("{FAE04EC0-301F-11D3-BF4B-00C04F79EFBC}") = "BSBTAC.LoadResult", "BSBTAC.LoadResult\BSBTAC.LoadResult.csproj", "{FCC05C62-BE2D-4A1A-A785-A4E4B16E42C2}"
EndProject
Project("{2150E333-8FDC-42A3-9474-1A3956D46DE8}") = ".nuget", ".nuget", "{95E9D967-60AE-426C-8E4F-FD14C3CD3F78}"
	ProjectSection(SolutionItems) = preProject
		.nuget\NuGet.Config = .nuget\NuGet.Config
		.nuget\NuGet.exe = .nuget\NuGet.exe
		.nuget\NuGet.targets = .nuget\NuGet.targets
	EndProjectSection
EndProject
Project("{FAE04EC0-301F-11D3-BF4B-00C04F79EFBC}") = "BSBTAC.Service", "BSBTAC.Service\BSBTAC.Service.csproj", "{67C5A17D-63A6-4CAC-A140-BCD2B51A7535}"
EndProject
Global
	GlobalSection(SolutionConfigurationPlatforms) = preSolution
		Debug|Any CPU = Debug|Any CPU
		Release|Any CPU = Release|Any CPU
	EndGlobalSection
	GlobalSection(ProjectConfigurationPlatforms) = postSolution
		{D5825438-F8E8-4006-9DCD-BDDDF28630AD}.Debug|Any CPU.ActiveCfg = Debug|Any CPU
		{D5825438-F8E8-4006-9DCD-BDDDF28630AD}.Debug|Any CPU.Build.0 = Debug|Any CPU
		{D5825438-F8E8-4006-9DCD-BDDDF28630AD}.Release|Any CPU.ActiveCfg = Release|Any CPU
		{D5825438-F8E8-4006-9DCD-BDDDF28630AD}.Release|Any CPU.Build.0 = Release|Any CPU
		{CC1DA518-0D90-4796-82D9-1B8F3FEB135F}.Debug|Any CPU.ActiveCfg = Debug|Any CPU
		{CC1DA518-0D90-4796-82D9-1B8F3FEB135F}.Debug|Any CPU.Build.0 = Debug|Any CPU
		{CC1DA518-0D90-4796-82D9-1B8F3FEB135F}.Release|Any CPU.ActiveCfg = Release|Any CPU
		{CC1DA518-0D90-4796-82D9-1B8F3FEB135F}.Release|Any CPU.Build.0 = Release|Any CPU
		{3A3C97F5-1955-4D1D-AC7F-260826D6F9E0}.Debug|Any CPU.ActiveCfg = Debug|Any CPU
		{3A3C97F5-1955-4D1D-AC7F-260826D6F9E0}.Debug|Any CPU.Build.0 = Debug|Any CPU
		{3A3C97F5-1955-4D1D-AC7F-260826D6F9E0}.Release|Any CPU.ActiveCfg = Release|Any CPU
		{3A3C97F5-1955-4D1D-AC7F-260826D6F9E0}.Release|Any CPU.Build.0 = Release|Any CPU
		{2756FBB1-E80C-4BE0-8457-E0A7E701A755}.Debug|Any CPU.ActiveCfg = Debug|Any CPU
		{2756FBB1-E80C-4BE0-8457-E0A7E701A755}.Debug|Any CPU.Build.0 = Debug|Any CPU
		{2756FBB1-E80C-4BE0-8457-E0A7E701A755}.Release|Any CPU.ActiveCfg = Release|Any CPU
		{2756FBB1-E80C-4BE0-8457-E0A7E701A755}.Release|Any CPU.Build.0 = Release|Any CPU
		{AD141A0E-CBB7-4B65-B8A1-E31E85759C9C}.Debug|Any CPU.ActiveCfg = Debug|Any CPU
		{AD141A0E-CBB7-4B65-B8A1-E31E85759C9C}.Debug|Any CPU.Build.0 = Debug|Any CPU
		{AD141A0E-CBB7-4B65-B8A1-E31E85759C9C}.Release|Any CPU.ActiveCfg = Release|Any CPU
		{AD141A0E-CBB7-4B65-B8A1-E31E85759C9C}.Release|Any CPU.Build.0 = Release|Any CPU
		{FCC05C62-BE2D-4A1A-A785-A4E4B16E42C2}.Debug|Any CPU.ActiveCfg = Debug|Any CPU
		{FCC05C62-BE2D-4A1A-A785-A4E4B16E42C2}.Debug|Any CPU.Build.0 = Debug|Any CPU
		{FCC05C62-BE2D-4A1A-A785-A4E4B16E42C2}.Release|Any CPU.ActiveCfg = Release|Any CPU
		{FCC05C62-BE2D-4A1A-A785-A4E4B16E42C2}.Release|Any CPU.Build.0 = Release|Any CPU
		{67C5A17D-63A6-4CAC-A140-BCD2B51A7535}.Debug|Any CPU.ActiveCfg = Debug|Any CPU
		{67C5A17D-63A6-4CAC-A140-BCD2B51A7535}.Debug|Any CPU.Build.0 = Debug|Any CPU
		{67C5A17D-63A6-4CAC-A140-BCD2B51A7535}.Release|Any CPU.ActiveCfg = Release|Any CPU
		{67C5A17D-63A6-4CAC-A140-BCD2B51A7535}.Release|Any CPU.Build.0 = Release|Any CPU
	EndGlobalSection
	GlobalSection(SolutionProperties) = preSolution
		HideSolutionNode = FALSE
	EndGlobalSection
EndGlobal
